
Microsoft Visual Studio Solution File, Format Version 12.00
Project("{2150E333-8FDC-42A3-9474-1A3956D46DE8}") = "SolutionItems", "SolutionItems", "{447A91E6-D4E1-4CC1-BBDB-F72168127084}"
	ProjectSection(SolutionItems) = preProject
		.gitignore = .gitignore
	EndProjectSection
EndProject
Project("{2150E333-8FDC-42A3-9474-1A3956D46DE8}") = "Source", "Source", "{A543DCD8-FC2F-480C-BC94-DE2A7C896074}"
EndProject
Project("{FAE04EC0-301F-11D3-BF4B-00C04F79EFBC}") = "Application", "Source\Application\Application.csproj", "{4A82B4A0-7FD2-4ED3-B352-783F8798AD0F}"
EndProject
Project("{FAE04EC0-301F-11D3-BF4B-00C04F79EFBC}") = "Common", "Source\Common\Common.csproj", "{5A71573F-BBED-4ABF-BD1F-5A56B439CF29}"
EndProject
Project("{FAE04EC0-301F-11D3-BF4B-00C04F79EFBC}") = "Domain", "Source\Domain\Domain.csproj", "{701CD670-013E-4816-8E9E-D66018D13A4F}"
EndProject
Project("{FAE04EC0-301F-11D3-BF4B-00C04F79EFBC}") = "Infrastructure", "Source\Infrastructure\Infrastructure.csproj", "{2DFAECBA-C398-43FB-92E0-B65F3EAB1385}"
EndProject
Project("{FAE04EC0-301F-11D3-BF4B-00C04F79EFBC}") = "Persistence", "Source\Persistence\Persistence.csproj", "{1236B9F1-AB63-4696-B1A8-D6E68EB1885B}"
EndProject
Project("{FAE04EC0-301F-11D3-BF4B-00C04F79EFBC}") = "Web", "Source\Web\Web.csproj", "{CEC7CC51-36F3-4C28-B8F0-5D714EB59A4A}"
EndProject
Global
	GlobalSection(SolutionConfigurationPlatforms) = preSolution
		Debug|Any CPU = Debug|Any CPU
		Release|Any CPU = Release|Any CPU
	EndGlobalSection
	GlobalSection(NestedProjects) = preSolution
		{4A82B4A0-7FD2-4ED3-B352-783F8798AD0F} = {A543DCD8-FC2F-480C-BC94-DE2A7C896074}
		{5A71573F-BBED-4ABF-BD1F-5A56B439CF29} = {A543DCD8-FC2F-480C-BC94-DE2A7C896074}
		{701CD670-013E-4816-8E9E-D66018D13A4F} = {A543DCD8-FC2F-480C-BC94-DE2A7C896074}
		{2DFAECBA-C398-43FB-92E0-B65F3EAB1385} = {A543DCD8-FC2F-480C-BC94-DE2A7C896074}
		{1236B9F1-AB63-4696-B1A8-D6E68EB1885B} = {A543DCD8-FC2F-480C-BC94-DE2A7C896074}
		{CEC7CC51-36F3-4C28-B8F0-5D714EB59A4A} = {A543DCD8-FC2F-480C-BC94-DE2A7C896074}
	EndGlobalSection
	GlobalSection(ProjectConfigurationPlatforms) = postSolution
		{4A82B4A0-7FD2-4ED3-B352-783F8798AD0F}.Debug|Any CPU.ActiveCfg = Debug|Any CPU
		{4A82B4A0-7FD2-4ED3-B352-783F8798AD0F}.Debug|Any CPU.Build.0 = Debug|Any CPU
		{4A82B4A0-7FD2-4ED3-B352-783F8798AD0F}.Release|Any CPU.ActiveCfg = Release|Any CPU
		{4A82B4A0-7FD2-4ED3-B352-783F8798AD0F}.Release|Any CPU.Build.0 = Release|Any CPU
		{5A71573F-BBED-4ABF-BD1F-5A56B439CF29}.Debug|Any CPU.ActiveCfg = Debug|Any CPU
		{5A71573F-BBED-4ABF-BD1F-5A56B439CF29}.Debug|Any CPU.Build.0 = Debug|Any CPU
		{5A71573F-BBED-4ABF-BD1F-5A56B439CF29}.Release|Any CPU.ActiveCfg = Release|Any CPU
		{5A71573F-BBED-4ABF-BD1F-5A56B439CF29}.Release|Any CPU.Build.0 = Release|Any CPU
		{701CD670-013E-4816-8E9E-D66018D13A4F}.Debug|Any CPU.ActiveCfg = Debug|Any CPU
		{701CD670-013E-4816-8E9E-D66018D13A4F}.Debug|Any CPU.Build.0 = Debug|Any CPU
		{701CD670-013E-4816-8E9E-D66018D13A4F}.Release|Any CPU.ActiveCfg = Release|Any CPU
		{701CD670-013E-4816-8E9E-D66018D13A4F}.Release|Any CPU.Build.0 = Release|Any CPU
		{2DFAECBA-C398-43FB-92E0-B65F3EAB1385}.Debug|Any CPU.ActiveCfg = Debug|Any CPU
		{2DFAECBA-C398-43FB-92E0-B65F3EAB1385}.Debug|Any CPU.Build.0 = Debug|Any CPU
		{2DFAECBA-C398-43FB-92E0-B65F3EAB1385}.Release|Any CPU.ActiveCfg = Release|Any CPU
		{2DFAECBA-C398-43FB-92E0-B65F3EAB1385}.Release|Any CPU.Build.0 = Release|Any CPU
		{1236B9F1-AB63-4696-B1A8-D6E68EB1885B}.Debug|Any CPU.ActiveCfg = Debug|Any CPU
		{1236B9F1-AB63-4696-B1A8-D6E68EB1885B}.Debug|Any CPU.Build.0 = Debug|Any CPU
		{1236B9F1-AB63-4696-B1A8-D6E68EB1885B}.Release|Any CPU.ActiveCfg = Release|Any CPU
		{1236B9F1-AB63-4696-B1A8-D6E68EB1885B}.Release|Any CPU.Build.0 = Release|Any CPU
		{CEC7CC51-36F3-4C28-B8F0-5D714EB59A4A}.Debug|Any CPU.ActiveCfg = Debug|Any CPU
		{CEC7CC51-36F3-4C28-B8F0-5D714EB59A4A}.Debug|Any CPU.Build.0 = Debug|Any CPU
		{CEC7CC51-36F3-4C28-B8F0-5D714EB59A4A}.Release|Any CPU.ActiveCfg = Release|Any CPU
		{CEC7CC51-36F3-4C28-B8F0-5D714EB59A4A}.Release|Any CPU.Build.0 = Release|Any CPU
	EndGlobalSection
EndGlobal
